
Microsoft Visual Studio Solution File, Format Version 12.00
# Visual Studio 2013
VisualStudioVersion = 12.0.31101.0
MinimumVisualStudioVersion = 10.0.40219.1
Project("{8BC9CEB8-8B4A-11D0-8D11-00A0C91BC942}") = "lib", "lib\lib.vcxproj", "{4B9133C0-4EFE-460B-B05E-849453BCF219}"
EndProject
Project("{8BC9CEB8-8B4A-11D0-8D11-00A0C91BC942}") = "test", "test\test.vcxproj", "{27539B49-8FC8-40F7-95E9-0F026872A73D}"
EndProject
Global
	GlobalSection(SolutionConfigurationPlatforms) = preSolution
		Debug|Win32 = Debug|Win32
		Release|Win32 = Release|Win32
	EndGlobalSection
	GlobalSection(ProjectConfigurationPlatforms) = postSolution
		{4B9133C0-4EFE-460B-B05E-849453BCF219}.Debug|Win32.ActiveCfg = Debug|Win32
		{4B9133C0-4EFE-460B-B05E-849453BCF219}.Debug|Win32.Build.0 = Debug|Win32
		{4B9133C0-4EFE-460B-B05E-849453BCF219}.Release|Win32.ActiveCfg = Release|Win32
		{4B9133C0-4EFE-460B-B05E-849453BCF219}.Release|Win32.Build.0 = Release|Win32
		{27539B49-8FC8-40F7-95E9-0F026872A73D}.Debug|Win32.ActiveCfg = Debug|Win32
		{27539B49-8FC8-40F7-95E9-0F026872A73D}.Debug|Win32.Build.0 = Debug|Win32
		{27539B49-8FC8-40F7-95E9-0F026872A73D}.Release|Win32.ActiveCfg = Release|Win32
		{27539B49-8FC8-40F7-95E9-0F026872A73D}.Release|Win32.Build.0 = Release|Win32
	EndGlobalSection
	GlobalSection(SolutionProperties) = preSolution
		HideSolutionNode = FALSE
	EndGlobalSection
EndGlobal
